
Microsoft Visual Studio Solution File, Format Version 12.00
Project("{FAE04EC0-301F-11D3-BF4B-00C04F79EFBC}") = "QrPayment", "QrPayment\QrPayment.csproj", "{AA08EC5C-519E-4EAD-BE70-18936DD68CDF}"
EndProject
Project("{FAE04EC0-301F-11D3-BF4B-00C04F79EFBC}") = "QrPaymentTests", "QrPaymentTests\QrPaymentTests.csproj", "{F45B84CB-BB30-4579-8D32-9C6465369E59}"
EndProject
Global
	GlobalSection(SolutionConfigurationPlatforms) = preSolution
		Debug|Any CPU = Debug|Any CPU
		Release|Any CPU = Release|Any CPU
	EndGlobalSection
	GlobalSection(ProjectConfigurationPlatforms) = postSolution
		{AA08EC5C-519E-4EAD-BE70-18936DD68CDF}.Debug|Any CPU.ActiveCfg = Debug|Any CPU
		{AA08EC5C-519E-4EAD-BE70-18936DD68CDF}.Debug|Any CPU.Build.0 = Debug|Any CPU
		{AA08EC5C-519E-4EAD-BE70-18936DD68CDF}.Release|Any CPU.ActiveCfg = Release|Any CPU
		{AA08EC5C-519E-4EAD-BE70-18936DD68CDF}.Release|Any CPU.Build.0 = Release|Any CPU
		{F45B84CB-BB30-4579-8D32-9C6465369E59}.Debug|Any CPU.ActiveCfg = Debug|Any CPU
		{F45B84CB-BB30-4579-8D32-9C6465369E59}.Debug|Any CPU.Build.0 = Debug|Any CPU
		{F45B84CB-BB30-4579-8D32-9C6465369E59}.Release|Any CPU.ActiveCfg = Release|Any CPU
		{F45B84CB-BB30-4579-8D32-9C6465369E59}.Release|Any CPU.Build.0 = Release|Any CPU
	EndGlobalSection
EndGlobal
